// !$*UTF8*$!
{
	archiveVersion = 1;
	classes = {
	};
	objectVersion = 46;
	objects = {

/* Begin PBXBuildFile section */
		5E3E72631D917AA20077596D /* dog.png in Resources */ = {isa = PBXBuildFile; fileRef = 5E3E72621D917AA20077596D /* dog.png */; };
		5EB7A4831DDC61E4007E8C1F /* AppDelegate.m in Sources */ = {isa = PBXBuildFile; fileRef = 5EB7A4621DDC61E4007E8C1F /* AppDelegate.m */; };
		5EB7A4841DDC61E4007E8C1F /* Assets.xcassets in Resources */ = {isa = PBXBuildFile; fileRef = 5EB7A4631DDC61E4007E8C1F /* Assets.xcassets */; };
		5EB7A4851DDC61E4007E8C1F /* LaunchScreen.storyboard in Resources */ = {isa = PBXBuildFile; fileRef = 5EB7A4641DDC61E4007E8C1F /* LaunchScreen.storyboard */; };
		5EB7A4861DDC61E4007E8C1F /* Main.storyboard in Resources */ = {isa = PBXBuildFile; fileRef = 5EB7A4661DDC61E4007E8C1F /* Main.storyboard */; };
		5EB7A4871DDC61E4007E8C1F /* Info.plist in Resources */ = {isa = PBXBuildFile; fileRef = 5EB7A4681DDC61E4007E8C1F /* Info.plist */; };
		5EB7A4881DDC61E4007E8C1F /* main.m in Sources */ = {isa = PBXBuildFile; fileRef = 5EB7A46C1DDC61E4007E8C1F /* main.m */; };
		5EB7A4891DDC61E4007E8C1F /* NewPushManager.m in Sources */ = {isa = PBXBuildFile; fileRef = 5EB7A46E1DDC61E4007E8C1F /* NewPushManager.m */; };
		5EB7A48A1DDC61E4007E8C1F /* NotificationSwitch.m in Sources */ = {isa = PBXBuildFile; fileRef = 5EB7A4701DDC61E4007E8C1F /* NotificationSwitch.m */; };
		5EB7A48B1DDC61E4007E8C1F /* PushManager.m in Sources */ = {isa = PBXBuildFile; fileRef = 5EB7A4721DDC61E4007E8C1F /* PushManager.m */; };
		5EB7A48C1DDC61E4007E8C1F /* PushViewController.m in Sources */ = {isa = PBXBuildFile; fileRef = 5EB7A4741DDC61E4007E8C1F /* PushViewController.m */; };
		5EB7A48D1DDC61E4007E8C1F /* Action列表.PNG in Resources */ = {isa = PBXBuildFile; fileRef = 5EB7A4761DDC61E4007E8C1F /* Action列表.PNG */; };
		5EB7A48E1DDC61E4007E8C1F /* dog.png in Resources */ = {isa = PBXBuildFile; fileRef = 5EB7A4771DDC61E4007E8C1F /* dog.png */; };
		5EB7A48F1DDC61E4007E8C1F /* InputAction.PNG in Resources */ = {isa = PBXBuildFile; fileRef = 5EB7A4781DDC61E4007E8C1F /* InputAction.PNG */; };
		5EB7A4901DDC61E4007E8C1F /* media.mp4 in Resources */ = {isa = PBXBuildFile; fileRef = 5EB7A4791DDC61E4007E8C1F /* media.mp4 */; };
		5EB7A4911DDC61E4007E8C1F /* 图片.PNG in Resources */ = {isa = PBXBuildFile; fileRef = 5EB7A47A1DDC61E4007E8C1F /* 图片.PNG */; };
		5EB7A4921DDC61E4007E8C1F /* 横幅图片.PNG in Resources */ = {isa = PBXBuildFile; fileRef = 5EB7A47B1DDC61E4007E8C1F /* 横幅图片.PNG */; };
		5EB7A4931DDC61E4007E8C1F /* 自定义界面.PNG in Resources */ = {isa = PBXBuildFile; fileRef = 5EB7A47C1DDC61E4007E8C1F /* 自定义界面.PNG */; };
		5EB7A4941DDC61E4007E8C1F /* 视频.PNG in Resources */ = {isa = PBXBuildFile; fileRef = 5EB7A47D1DDC61E4007E8C1F /* 视频.PNG */; };
		5EB7A4951DDC61E4007E8C1F /* 通知中心图片.PNG in Resources */ = {isa = PBXBuildFile; fileRef = 5EB7A47E1DDC61E4007E8C1F /* 通知中心图片.PNG */; };
		5EB7A4961DDC61E4007E8C1F /* UILocalNotificationManager.m in Sources */ = {isa = PBXBuildFile; fileRef = 5EB7A4801DDC61E4007E8C1F /* UILocalNotificationManager.m */; };
		5EB7A4971DDC61E4007E8C1F /* UNLocalNotificationManager.m in Sources */ = {isa = PBXBuildFile; fileRef = 5EB7A4821DDC61E4007E8C1F /* UNLocalNotificationManager.m */; };
		5EC8A52E1D9127F000C8AC3C /* UserNotifications.framework in Frameworks */ = {isa = PBXBuildFile; fileRef = 5EC8A52D1D9127F000C8AC3C /* UserNotifications.framework */; };
		5EC8A5301D9127F000C8AC3C /* UserNotificationsUI.framework in Frameworks */ = {isa = PBXBuildFile; fileRef = 5EC8A52F1D9127F000C8AC3C /* UserNotificationsUI.framework */; };
		5EC8A5341D9127F000C8AC3C /* NotificationViewController.m in Sources */ = {isa = PBXBuildFile; fileRef = 5EC8A5331D9127F000C8AC3C /* NotificationViewController.m */; };
		5EC8A5371D9127F000C8AC3C /* MainInterface.storyboard in Resources */ = {isa = PBXBuildFile; fileRef = 5EC8A5351D9127F000C8AC3C /* MainInterface.storyboard */; };
		5EC8A5401D9134CB00C8AC3C /* NotificationContent.appex in Embed App Extensions */ = {isa = PBXBuildFile; fileRef = 5EC8A52C1D9127F000C8AC3C /* NotificationContent.appex */; settings = {ATTRIBUTES = (RemoveHeadersOnCopy, ); }; };
		5EC8A54C1D9134FA00C8AC3C /* NotificationService.m in Sources */ = {isa = PBXBuildFile; fileRef = 5EC8A54B1D9134FA00C8AC3C /* NotificationService.m */; };
		5EC8A5501D9134FA00C8AC3C /* NotificationService.appex in Embed App Extensions */ = {isa = PBXBuildFile; fileRef = 5EC8A5481D9134FA00C8AC3C /* NotificationService.appex */; settings = {ATTRIBUTES = (RemoveHeadersOnCopy, ); }; };
/* End PBXBuildFile section */

/* Begin PBXContainerItemProxy section */
		5EC8A5411D9134CB00C8AC3C /* PBXContainerItemProxy */ = {
			isa = PBXContainerItemProxy;
			containerPortal = 5EF2B43D1CC7D51000AC71C5 /* Project object */;
			proxyType = 1;
			remoteGlobalIDString = 5EC8A52B1D9127F000C8AC3C;
			remoteInfo = NotificationContent;
		};
		5EC8A54E1D9134FA00C8AC3C /* PBXContainerItemProxy */ = {
			isa = PBXContainerItemProxy;
			containerPortal = 5EF2B43D1CC7D51000AC71C5 /* Project object */;
			proxyType = 1;
			remoteGlobalIDString = 5EC8A5471D9134FA00C8AC3C;
			remoteInfo = NotificationService;
		};
/* End PBXContainerItemProxy section */

/* Begin PBXCopyFilesBuildPhase section */
		5EC8A5431D9134CB00C8AC3C /* Embed App Extensions */ = {
			isa = PBXCopyFilesBuildPhase;
			buildActionMask = 2147483647;
			dstPath = "";
			dstSubfolderSpec = 13;
			files = (
				5EC8A5401D9134CB00C8AC3C /* NotificationContent.appex in Embed App Extensions */,
				5EC8A5501D9134FA00C8AC3C /* NotificationService.appex in Embed App Extensions */,
			);
			name = "Embed App Extensions";
			runOnlyForDeploymentPostprocessing = 0;
		};
/* End PBXCopyFilesBuildPhase section */

/* Begin PBXFileReference section */
		5E3E72621D917AA20077596D /* dog.png */ = {isa = PBXFileReference; lastKnownFileType = image.png; path = dog.png; sourceTree = "<group>"; };
		5EB7A45F1DDC60C4007E8C1F /* iOSNotifications.entitlements */ = {isa = PBXFileReference; lastKnownFileType = text.plist.entitlements; path = iOSNotifications.entitlements; sourceTree = SOURCE_ROOT; };
		5EB7A4611DDC61E4007E8C1F /* AppDelegate.h */ = {isa = PBXFileReference; fileEncoding = 4; lastKnownFileType = sourcecode.c.h; path = AppDelegate.h; sourceTree = "<group>"; };
		5EB7A4621DDC61E4007E8C1F /* AppDelegate.m */ = {isa = PBXFileReference; fileEncoding = 4; lastKnownFileType = sourcecode.c.objc; path = AppDelegate.m; sourceTree = "<group>"; };
		5EB7A4631DDC61E4007E8C1F /* Assets.xcassets */ = {isa = PBXFileReference; lastKnownFileType = folder.assetcatalog; path = Assets.xcassets; sourceTree = "<group>"; };
		5EB7A4651DDC61E4007E8C1F /* Base */ = {isa = PBXFileReference; lastKnownFileType = file.storyboard; name = Base; path = Base.lproj/LaunchScreen.storyboard; sourceTree = "<group>"; };
		5EB7A4671DDC61E4007E8C1F /* Base */ = {isa = PBXFileReference; lastKnownFileType = file.storyboard; name = Base; path = Base.lproj/Main.storyboard; sourceTree = "<group>"; };
		5EB7A4681DDC61E4007E8C1F /* Info.plist */ = {isa = PBXFileReference; fileEncoding = 4; lastKnownFileType = text.plist.xml; path = Info.plist; sourceTree = "<group>"; };
		5EB7A46C1DDC61E4007E8C1F /* main.m */ = {isa = PBXFileReference; fileEncoding = 4; lastKnownFileType = sourcecode.c.objc; path = main.m; sourceTree = "<group>"; };
		5EB7A46D1DDC61E4007E8C1F /* NewPushManager.h */ = {isa = PBXFileReference; fileEncoding = 4; lastKnownFileType = sourcecode.c.h; path = NewPushManager.h; sourceTree = "<group>"; };
		5EB7A46E1DDC61E4007E8C1F /* NewPushManager.m */ = {isa = PBXFileReference; fileEncoding = 4; lastKnownFileType = sourcecode.c.objc; path = NewPushManager.m; sourceTree = "<group>"; };
		5EB7A46F1DDC61E4007E8C1F /* NotificationSwitch.h */ = {isa = PBXFileReference; fileEncoding = 4; lastKnownFileType = sourcecode.c.h; path = NotificationSwitch.h; sourceTree = "<group>"; };
		5EB7A4701DDC61E4007E8C1F /* NotificationSwitch.m */ = {isa = PBXFileReference; fileEncoding = 4; lastKnownFileType = sourcecode.c.objc; path = NotificationSwitch.m; sourceTree = "<group>"; };
		5EB7A4711DDC61E4007E8C1F /* PushManager.h */ = {isa = PBXFileReference; fileEncoding = 4; lastKnownFileType = sourcecode.c.h; path = PushManager.h; sourceTree = "<group>"; };
		5EB7A4721DDC61E4007E8C1F /* PushManager.m */ = {isa = PBXFileReference; fileEncoding = 4; lastKnownFileType = sourcecode.c.objc; path = PushManager.m; sourceTree = "<group>"; };
		5EB7A4731DDC61E4007E8C1F /* PushViewController.h */ = {isa = PBXFileReference; fileEncoding = 4; lastKnownFileType = sourcecode.c.h; path = PushViewController.h; sourceTree = "<group>"; };
		5EB7A4741DDC61E4007E8C1F /* PushViewController.m */ = {isa = PBXFileReference; fileEncoding = 4; lastKnownFileType = sourcecode.c.objc; path = PushViewController.m; sourceTree = "<group>"; };
		5EB7A4761DDC61E4007E8C1F /* Action列表.PNG */ = {isa = PBXFileReference; lastKnownFileType = image.png; path = "Action列表.PNG"; sourceTree = "<group>"; };
		5EB7A4771DDC61E4007E8C1F /* dog.png */ = {isa = PBXFileReference; lastKnownFileType = image.png; path = dog.png; sourceTree = "<group>"; };
		5EB7A4781DDC61E4007E8C1F /* InputAction.PNG */ = {isa = PBXFileReference; lastKnownFileType = image.png; path = InputAction.PNG; sourceTree = "<group>"; };
		5EB7A4791DDC61E4007E8C1F /* media.mp4 */ = {isa = PBXFileReference; lastKnownFileType = file; path = media.mp4; sourceTree = "<group>"; };
		5EB7A47A1DDC61E4007E8C1F /* 图片.PNG */ = {isa = PBXFileReference; lastKnownFileType = image.png; path = "图片.PNG"; sourceTree = "<group>"; };
		5EB7A47B1DDC61E4007E8C1F /* 横幅图片.PNG */ = {isa = PBXFileReference; lastKnownFileType = image.png; path = "横幅图片.PNG"; sourceTree = "<group>"; };
		5EB7A47C1DDC61E4007E8C1F /* 自定义界面.PNG */ = {isa = PBXFileReference; lastKnownFileType = image.png; path = "自定义界面.PNG"; sourceTree = "<group>"; };
		5EB7A47D1DDC61E4007E8C1F /* 视频.PNG */ = {isa = PBXFileReference; lastKnownFileType = image.png; path = "视频.PNG"; sourceTree = "<group>"; };
		5EB7A47E1DDC61E4007E8C1F /* 通知中心图片.PNG */ = {isa = PBXFileReference; lastKnownFileType = image.png; path = "通知中心图片.PNG"; sourceTree = "<group>"; };
		5EB7A47F1DDC61E4007E8C1F /* UILocalNotificationManager.h */ = {isa = PBXFileReference; fileEncoding = 4; lastKnownFileType = sourcecode.c.h; path = UILocalNotificationManager.h; sourceTree = "<group>"; };
		5EB7A4801DDC61E4007E8C1F /* UILocalNotificationManager.m */ = {isa = PBXFileReference; fileEncoding = 4; lastKnownFileType = sourcecode.c.objc; path = UILocalNotificationManager.m; sourceTree = "<group>"; };
		5EB7A4811DDC61E4007E8C1F /* UNLocalNotificationManager.h */ = {isa = PBXFileReference; fileEncoding = 4; lastKnownFileType = sourcecode.c.h; path = UNLocalNotificationManager.h; sourceTree = "<group>"; };
		5EB7A4821DDC61E4007E8C1F /* UNLocalNotificationManager.m */ = {isa = PBXFileReference; fileEncoding = 4; lastKnownFileType = sourcecode.c.objc; path = UNLocalNotificationManager.m; sourceTree = "<group>"; };
		5EC8A52C1D9127F000C8AC3C /* NotificationContent.appex */ = {isa = PBXFileReference; explicitFileType = "wrapper.app-extension"; includeInIndex = 0; path = NotificationContent.appex; sourceTree = BUILT_PRODUCTS_DIR; };
		5EC8A52D1D9127F000C8AC3C /* UserNotifications.framework */ = {isa = PBXFileReference; lastKnownFileType = wrapper.framework; name = UserNotifications.framework; path = System/Library/Frameworks/UserNotifications.framework; sourceTree = SDKROOT; };
		5EC8A52F1D9127F000C8AC3C /* UserNotificationsUI.framework */ = {isa = PBXFileReference; lastKnownFileType = wrapper.framework; name = UserNotificationsUI.framework; path = System/Library/Frameworks/UserNotificationsUI.framework; sourceTree = SDKROOT; };
		5EC8A5321D9127F000C8AC3C /* NotificationViewController.h */ = {isa = PBXFileReference; lastKnownFileType = sourcecode.c.h; path = NotificationViewController.h; sourceTree = "<group>"; };
		5EC8A5331D9127F000C8AC3C /* NotificationViewController.m */ = {isa = PBXFileReference; lastKnownFileType = sourcecode.c.objc; path = NotificationViewController.m; sourceTree = "<group>"; };
		5EC8A5361D9127F000C8AC3C /* Base */ = {isa = PBXFileReference; lastKnownFileType = file.storyboard; name = Base; path = Base.lproj/MainInterface.storyboard; sourceTree = "<group>"; };
		5EC8A5381D9127F000C8AC3C /* Info.plist */ = {isa = PBXFileReference; lastKnownFileType = text.plist.xml; path = Info.plist; sourceTree = "<group>"; };
		5EC8A5481D9134FA00C8AC3C /* NotificationService.appex */ = {isa = PBXFileReference; explicitFileType = "wrapper.app-extension"; includeInIndex = 0; path = NotificationService.appex; sourceTree = BUILT_PRODUCTS_DIR; };
		5EC8A54A1D9134FA00C8AC3C /* NotificationService.h */ = {isa = PBXFileReference; lastKnownFileType = sourcecode.c.h; path = NotificationService.h; sourceTree = "<group>"; };
		5EC8A54B1D9134FA00C8AC3C /* NotificationService.m */ = {isa = PBXFileReference; lastKnownFileType = sourcecode.c.objc; path = NotificationService.m; sourceTree = "<group>"; };
		5EC8A54D1D9134FA00C8AC3C /* Info.plist */ = {isa = PBXFileReference; lastKnownFileType = text.plist.xml; path = Info.plist; sourceTree = "<group>"; };
		5EF2B4451CC7D51000AC71C5 /* iOSNotifications.app */ = {isa = PBXFileReference; explicitFileType = wrapper.application; includeInIndex = 0; path = iOSNotifications.app; sourceTree = BUILT_PRODUCTS_DIR; };
/* End PBXFileReference section */

/* Begin PBXFrameworksBuildPhase section */
		5EC8A5291D9127F000C8AC3C /* Frameworks */ = {
			isa = PBXFrameworksBuildPhase;
			buildActionMask = 2147483647;
			files = (
				5EC8A5301D9127F000C8AC3C /* UserNotificationsUI.framework in Frameworks */,
				5EC8A52E1D9127F000C8AC3C /* UserNotifications.framework in Frameworks */,
			);
			runOnlyForDeploymentPostprocessing = 0;
		};
		5EC8A5451D9134FA00C8AC3C /* Frameworks */ = {
			isa = PBXFrameworksBuildPhase;
			buildActionMask = 2147483647;
			files = (
			);
			runOnlyForDeploymentPostprocessing = 0;
		};
		5EF2B4421CC7D51000AC71C5 /* Frameworks */ = {
			isa = PBXFrameworksBuildPhase;
			buildActionMask = 2147483647;
			files = (
			);
			runOnlyForDeploymentPostprocessing = 0;
		};
/* End PBXFrameworksBuildPhase section */

/* Begin PBXGroup section */
		5EB445B21D1B6FDA00F4CDDE /* Frameworks */ = {
			isa = PBXGroup;
			children = (
				5EC8A52D1D9127F000C8AC3C /* UserNotifications.framework */,
				5EC8A52F1D9127F000C8AC3C /* UserNotificationsUI.framework */,
			);
			name = Frameworks;
			sourceTree = "<group>";
		};
		5EB7A4601DDC61E4007E8C1F /* iOSNotifications */ = {
			isa = PBXGroup;
			children = (
				5EB7A4691DDC61E4007E8C1F /* iOSAfter10 */,
				5EB7A46A1DDC61E4007E8C1F /* iOSBefore10 */,
				5EB7A46B1DDC61E4007E8C1F /* lib */,
				5EB7A4751DDC61E4007E8C1F /* resource */,
				5EB7A4611DDC61E4007E8C1F /* AppDelegate.h */,
				5EB7A4621DDC61E4007E8C1F /* AppDelegate.m */,
				5EB7A4631DDC61E4007E8C1F /* Assets.xcassets */,
				5EB7A4641DDC61E4007E8C1F /* LaunchScreen.storyboard */,
				5EB7A4661DDC61E4007E8C1F /* Main.storyboard */,
				5EB7A4681DDC61E4007E8C1F /* Info.plist */,
				5EB7A46C1DDC61E4007E8C1F /* main.m */,
				5EB7A46D1DDC61E4007E8C1F /* NewPushManager.h */,
				5EB7A46E1DDC61E4007E8C1F /* NewPushManager.m */,
				5EB7A46F1DDC61E4007E8C1F /* NotificationSwitch.h */,
				5EB7A4701DDC61E4007E8C1F /* NotificationSwitch.m */,
				5EB7A4711DDC61E4007E8C1F /* PushManager.h */,
				5EB7A4721DDC61E4007E8C1F /* PushManager.m */,
				5EB7A4731DDC61E4007E8C1F /* PushViewController.h */,
				5EB7A4741DDC61E4007E8C1F /* PushViewController.m */,
				5EB7A47F1DDC61E4007E8C1F /* UILocalNotificationManager.h */,
				5EB7A4801DDC61E4007E8C1F /* UILocalNotificationManager.m */,
				5EB7A4811DDC61E4007E8C1F /* UNLocalNotificationManager.h */,
				5EB7A4821DDC61E4007E8C1F /* UNLocalNotificationManager.m */,
				5EB7A45F1DDC60C4007E8C1F /* iOSNotifications.entitlements */,
			);
			path = iOSNotifications;
			sourceTree = "<group>";
		};
		5EB7A4691DDC61E4007E8C1F /* iOSAfter10 */ = {
			isa = PBXGroup;
			children = (
			);
			path = iOSAfter10;
			sourceTree = "<group>";
		};
		5EB7A46A1DDC61E4007E8C1F /* iOSBefore10 */ = {
			isa = PBXGroup;
			children = (
			);
			path = iOSBefore10;
			sourceTree = "<group>";
		};
		5EB7A46B1DDC61E4007E8C1F /* lib */ = {
			isa = PBXGroup;
			children = (
			);
			path = lib;
			sourceTree = "<group>";
		};
		5EB7A4751DDC61E4007E8C1F /* resource */ = {
			isa = PBXGroup;
			children = (
				5EB7A4761DDC61E4007E8C1F /* Action列表.PNG */,
				5EB7A4771DDC61E4007E8C1F /* dog.png */,
				5EB7A4781DDC61E4007E8C1F /* InputAction.PNG */,
				5EB7A4791DDC61E4007E8C1F /* media.mp4 */,
				5EB7A47A1DDC61E4007E8C1F /* 图片.PNG */,
				5EB7A47B1DDC61E4007E8C1F /* 横幅图片.PNG */,
				5EB7A47C1DDC61E4007E8C1F /* 自定义界面.PNG */,
				5EB7A47D1DDC61E4007E8C1F /* 视频.PNG */,
				5EB7A47E1DDC61E4007E8C1F /* 通知中心图片.PNG */,
			);
			path = resource;
			sourceTree = "<group>";
		};
		5EC8A5311D9127F000C8AC3C /* NotificationContent */ = {
			isa = PBXGroup;
			children = (
				5E3E72621D917AA20077596D /* dog.png */,
				5EC8A5321D9127F000C8AC3C /* NotificationViewController.h */,
				5EC8A5331D9127F000C8AC3C /* NotificationViewController.m */,
				5EC8A5351D9127F000C8AC3C /* MainInterface.storyboard */,
				5EC8A5381D9127F000C8AC3C /* Info.plist */,
			);
			path = NotificationContent;
			sourceTree = "<group>";
		};
		5EC8A5491D9134FA00C8AC3C /* NotificationService */ = {
			isa = PBXGroup;
			children = (
				5EC8A54A1D9134FA00C8AC3C /* NotificationService.h */,
				5EC8A54B1D9134FA00C8AC3C /* NotificationService.m */,
				5EC8A54D1D9134FA00C8AC3C /* Info.plist */,
			);
			path = NotificationService;
			sourceTree = "<group>";
		};
		5EF2B43C1CC7D51000AC71C5 = {
			isa = PBXGroup;
			children = (
				5EB7A4601DDC61E4007E8C1F /* iOSNotifications */,
				5EF2B4471CC7D51000AC71C5 /* iOSNotifications */,
				5EC8A5311D9127F000C8AC3C /* NotificationContent */,
				5EC8A5491D9134FA00C8AC3C /* NotificationService */,
				5EF2B4461CC7D51000AC71C5 /* Products */,
				5EB445B21D1B6FDA00F4CDDE /* Frameworks */,
			);
			sourceTree = "<group>";
		};
		5EF2B4461CC7D51000AC71C5 /* Products */ = {
			isa = PBXGroup;
			children = (
				5EF2B4451CC7D51000AC71C5 /* iOSNotifications.app */,
				5EC8A52C1D9127F000C8AC3C /* NotificationContent.appex */,
				5EC8A5481D9134FA00C8AC3C /* NotificationService.appex */,
			);
			name = Products;
			sourceTree = "<group>";
		};
		5EF2B4471CC7D51000AC71C5 /* iOSNotifications */ = {
			isa = PBXGroup;
			children = (
			);
			name = iOSNotifications;
			path = PushSettingsDemo;
			sourceTree = "<group>";
		};
/* End PBXGroup section */

/* Begin PBXNativeTarget section */
		5EC8A52B1D9127F000C8AC3C /* NotificationContent */ = {
			isa = PBXNativeTarget;
			buildConfigurationList = 5EC8A53C1D9127F000C8AC3C /* Build configuration list for PBXNativeTarget "NotificationContent" */;
			buildPhases = (
				5EC8A5281D9127F000C8AC3C /* Sources */,
				5EC8A5291D9127F000C8AC3C /* Frameworks */,
				5EC8A52A1D9127F000C8AC3C /* Resources */,
			);
			buildRules = (
			);
			dependencies = (
			);
			name = NotificationContent;
			productName = NotificationContent;
			productReference = 5EC8A52C1D9127F000C8AC3C /* NotificationContent.appex */;
			productType = "com.apple.product-type.app-extension";
		};
		5EC8A5471D9134FA00C8AC3C /* NotificationService */ = {
			isa = PBXNativeTarget;
			buildConfigurationList = 5EC8A5511D9134FB00C8AC3C /* Build configuration list for PBXNativeTarget "NotificationService" */;
			buildPhases = (
				5EC8A5441D9134FA00C8AC3C /* Sources */,
				5EC8A5451D9134FA00C8AC3C /* Frameworks */,
				5EC8A5461D9134FA00C8AC3C /* Resources */,
			);
			buildRules = (
			);
			dependencies = (
			);
			name = NotificationService;
			productName = NotificationService;
			productReference = 5EC8A5481D9134FA00C8AC3C /* NotificationService.appex */;
			productType = "com.apple.product-type.app-extension";
		};
		5EF2B4441CC7D51000AC71C5 /* iOSNotifications */ = {
			isa = PBXNativeTarget;
			buildConfigurationList = 5EF2B45C1CC7D51000AC71C5 /* Build configuration list for PBXNativeTarget "iOSNotifications" */;
			buildPhases = (
				5EF2B4411CC7D51000AC71C5 /* Sources */,
				5EF2B4421CC7D51000AC71C5 /* Frameworks */,
				5EF2B4431CC7D51000AC71C5 /* Resources */,
				5EC8A5431D9134CB00C8AC3C /* Embed App Extensions */,
			);
			buildRules = (
			);
			dependencies = (
				5EC8A5421D9134CB00C8AC3C /* PBXTargetDependency */,
				5EC8A54F1D9134FA00C8AC3C /* PBXTargetDependency */,
			);
			name = iOSNotifications;
			productName = PushSettingsDemo;
			productReference = 5EF2B4451CC7D51000AC71C5 /* iOSNotifications.app */;
			productType = "com.apple.product-type.application";
		};
/* End PBXNativeTarget section */

/* Begin PBXProject section */
		5EF2B43D1CC7D51000AC71C5 /* Project object */ = {
			isa = PBXProject;
			attributes = {
				LastUpgradeCheck = 0810;
				ORGANIZATIONNAME = WengHengcong;
				TargetAttributes = {
					5EC8A52B1D9127F000C8AC3C = {
						CreatedOnToolsVersion = 8.0;
						DevelopmentTeam = 69XHTLCF36;
						ProvisioningStyle = Automatic;
					};
					5EC8A5471D9134FA00C8AC3C = {
						CreatedOnToolsVersion = 8.0;
						DevelopmentTeam = 69XHTLCF36;
						ProvisioningStyle = Automatic;
					};
					5EF2B4441CC7D51000AC71C5 = {
						CreatedOnToolsVersion = 7.3;
						DevelopmentTeam = 69XHTLCF36;
						SystemCapabilities = {
							com.apple.BackgroundModes = {
								enabled = 1;
							};
							com.apple.Push = {
								enabled = 1;
							};
						};
					};
				};
			};
			buildConfigurationList = 5EF2B4401CC7D51000AC71C5 /* Build configuration list for PBXProject "iOSNotifications" */;
			compatibilityVersion = "Xcode 3.2";
			developmentRegion = English;
			hasScannedForEncodings = 0;
			knownRegions = (
				en,
				Base,
			);
			mainGroup = 5EF2B43C1CC7D51000AC71C5;
			productRefGroup = 5EF2B4461CC7D51000AC71C5 /* Products */;
			projectDirPath = "";
			projectRoot = "";
			targets = (
				5EF2B4441CC7D51000AC71C5 /* iOSNotifications */,
				5EC8A52B1D9127F000C8AC3C /* NotificationContent */,
				5EC8A5471D9134FA00C8AC3C /* NotificationService */,
			);
		};
/* End PBXProject section */

/* Begin PBXResourcesBuildPhase section */
		5EC8A52A1D9127F000C8AC3C /* Resources */ = {
			isa = PBXResourcesBuildPhase;
			buildActionMask = 2147483647;
			files = (
				5E3E72631D917AA20077596D /* dog.png in Resources */,
				5EC8A5371D9127F000C8AC3C /* MainInterface.storyboard in Resources */,
			);
			runOnlyForDeploymentPostprocessing = 0;
		};
		5EC8A5461D9134FA00C8AC3C /* Resources */ = {
			isa = PBXResourcesBuildPhase;
			buildActionMask = 2147483647;
			files = (
			);
			runOnlyForDeploymentPostprocessing = 0;
		};
		5EF2B4431CC7D51000AC71C5 /* Resources */ = {
			isa = PBXResourcesBuildPhase;
			buildActionMask = 2147483647;
			files = (
				5EB7A4941DDC61E4007E8C1F /* 视频.PNG in Resources */,
				5EB7A4871DDC61E4007E8C1F /* Info.plist in Resources */,
				5EB7A4931DDC61E4007E8C1F /* 自定义界面.PNG in Resources */,
				5EB7A48F1DDC61E4007E8C1F /* InputAction.PNG in Resources */,
				5EB7A4901DDC61E4007E8C1F /* media.mp4 in Resources */,
				5EB7A4861DDC61E4007E8C1F /* Main.storyboard in Resources */,
				5EB7A4841DDC61E4007E8C1F /* Assets.xcassets in Resources */,
				5EB7A48D1DDC61E4007E8C1F /* Action列表.PNG in Resources */,
				5EB7A4911DDC61E4007E8C1F /* 图片.PNG in Resources */,
				5EB7A4921DDC61E4007E8C1F /* 横幅图片.PNG in Resources */,
				5EB7A48E1DDC61E4007E8C1F /* dog.png in Resources */,
				5EB7A4951DDC61E4007E8C1F /* 通知中心图片.PNG in Resources */,
				5EB7A4851DDC61E4007E8C1F /* LaunchScreen.storyboard in Resources */,
			);
			runOnlyForDeploymentPostprocessing = 0;
		};
/* End PBXResourcesBuildPhase section */

/* Begin PBXSourcesBuildPhase section */
		5EC8A5281D9127F000C8AC3C /* Sources */ = {
			isa = PBXSourcesBuildPhase;
			buildActionMask = 2147483647;
			files = (
				5EC8A5341D9127F000C8AC3C /* NotificationViewController.m in Sources */,
			);
			runOnlyForDeploymentPostprocessing = 0;
		};
		5EC8A5441D9134FA00C8AC3C /* Sources */ = {
			isa = PBXSourcesBuildPhase;
			buildActionMask = 2147483647;
			files = (
				5EC8A54C1D9134FA00C8AC3C /* NotificationService.m in Sources */,
			);
			runOnlyForDeploymentPostprocessing = 0;
		};
		5EF2B4411CC7D51000AC71C5 /* Sources */ = {
			isa = PBXSourcesBuildPhase;
			buildActionMask = 2147483647;
			files = (
				5EB7A4881DDC61E4007E8C1F /* main.m in Sources */,
				5EB7A48B1DDC61E4007E8C1F /* PushManager.m in Sources */,
				5EB7A4961DDC61E4007E8C1F /* UILocalNotificationManager.m in Sources */,
				5EB7A4831DDC61E4007E8C1F /* AppDelegate.m in Sources */,
				5EB7A48A1DDC61E4007E8C1F /* NotificationSwitch.m in Sources */,
				5EB7A4971DDC61E4007E8C1F /* UNLocalNotificationManager.m in Sources */,
				5EB7A4891DDC61E4007E8C1F /* NewPushManager.m in Sources */,
				5EB7A48C1DDC61E4007E8C1F /* PushViewController.m in Sources */,
			);
			runOnlyForDeploymentPostprocessing = 0;
		};
/* End PBXSourcesBuildPhase section */

/* Begin PBXTargetDependency section */
		5EC8A5421D9134CB00C8AC3C /* PBXTargetDependency */ = {
			isa = PBXTargetDependency;
			target = 5EC8A52B1D9127F000C8AC3C /* NotificationContent */;
			targetProxy = 5EC8A5411D9134CB00C8AC3C /* PBXContainerItemProxy */;
		};
		5EC8A54F1D9134FA00C8AC3C /* PBXTargetDependency */ = {
			isa = PBXTargetDependency;
			target = 5EC8A5471D9134FA00C8AC3C /* NotificationService */;
			targetProxy = 5EC8A54E1D9134FA00C8AC3C /* PBXContainerItemProxy */;
		};
/* End PBXTargetDependency section */

/* Begin PBXVariantGroup section */
		5EB7A4641DDC61E4007E8C1F /* LaunchScreen.storyboard */ = {
			isa = PBXVariantGroup;
			children = (
				5EB7A4651DDC61E4007E8C1F /* Base */,
			);
			name = LaunchScreen.storyboard;
			sourceTree = "<group>";
		};
		5EB7A4661DDC61E4007E8C1F /* Main.storyboard */ = {
			isa = PBXVariantGroup;
			children = (
				5EB7A4671DDC61E4007E8C1F /* Base */,
			);
			name = Main.storyboard;
			sourceTree = "<group>";
		};
		5EC8A5351D9127F000C8AC3C /* MainInterface.storyboard */ = {
			isa = PBXVariantGroup;
			children = (
				5EC8A5361D9127F000C8AC3C /* Base */,
			);
			name = MainInterface.storyboard;
			sourceTree = "<group>";
		};
/* End PBXVariantGroup section */

/* Begin XCBuildConfiguration section */
		5EC8A53D1D9127F000C8AC3C /* Debug */ = {
			isa = XCBuildConfiguration;
			buildSettings = {
				CLANG_WARN_DOCUMENTATION_COMMENTS = YES;
				CLANG_WARN_INFINITE_RECURSION = YES;
				CLANG_WARN_SUSPICIOUS_MOVES = YES;
				CODE_SIGN_IDENTITY = "iPhone Developer";
				"CODE_SIGN_IDENTITY[sdk=iphoneos*]" = "iPhone Developer";
				DEVELOPMENT_TEAM = 69XHTLCF36;
				INFOPLIST_FILE = NotificationContent/Info.plist;
				IPHONEOS_DEPLOYMENT_TARGET = 10.0;
				LD_RUNPATH_SEARCH_PATHS = "$(inherited) @executable_path/Frameworks @executable_path/../../Frameworks";
				PRODUCT_BUNDLE_IDENTIFIER = com.junglesong.pushtestdemo.NotificationContent;
				PRODUCT_NAME = "$(TARGET_NAME)";
				PROVISIONING_PROFILE = "";
				SKIP_INSTALL = YES;
			};
			name = Debug;
		};
		5EC8A53E1D9127F000C8AC3C /* Release */ = {
			isa = XCBuildConfiguration;
			buildSettings = {
				CLANG_WARN_DOCUMENTATION_COMMENTS = YES;
				CLANG_WARN_INFINITE_RECURSION = YES;
				CLANG_WARN_SUSPICIOUS_MOVES = YES;
				CODE_SIGN_IDENTITY = "iPhone Developer";
				"CODE_SIGN_IDENTITY[sdk=iphoneos*]" = "iPhone Developer";
				DEVELOPMENT_TEAM = 69XHTLCF36;
				INFOPLIST_FILE = NotificationContent/Info.plist;
				IPHONEOS_DEPLOYMENT_TARGET = 10.0;
				LD_RUNPATH_SEARCH_PATHS = "$(inherited) @executable_path/Frameworks @executable_path/../../Frameworks";
				PRODUCT_BUNDLE_IDENTIFIER = com.junglesong.pushtestdemo.NotificationContent;
				PRODUCT_NAME = "$(TARGET_NAME)";
				PROVISIONING_PROFILE = "";
				SKIP_INSTALL = YES;
			};
			name = Release;
		};
		5EC8A5521D9134FB00C8AC3C /* Debug */ = {
			isa = XCBuildConfiguration;
			buildSettings = {
				CLANG_WARN_DOCUMENTATION_COMMENTS = YES;
				CLANG_WARN_INFINITE_RECURSION = YES;
				CLANG_WARN_SUSPICIOUS_MOVES = YES;
				CODE_SIGN_IDENTITY = "iPhone Developer";
				"CODE_SIGN_IDENTITY[sdk=iphoneos*]" = "iPhone Developer";
				DEVELOPMENT_TEAM = 69XHTLCF36;
				INFOPLIST_FILE = NotificationService/Info.plist;
				IPHONEOS_DEPLOYMENT_TARGET = 10.0;
				LD_RUNPATH_SEARCH_PATHS = "$(inherited) @executable_path/Frameworks @executable_path/../../Frameworks";
				PRODUCT_BUNDLE_IDENTIFIER = com.junglesong.pushtestdemo.NotificationService;
				PRODUCT_NAME = "$(TARGET_NAME)";
				PROVISIONING_PROFILE = "";
				SKIP_INSTALL = YES;
			};
			name = Debug;
		};
		5EC8A5531D9134FB00C8AC3C /* Release */ = {
			isa = XCBuildConfiguration;
			buildSettings = {
				CLANG_WARN_DOCUMENTATION_COMMENTS = YES;
				CLANG_WARN_INFINITE_RECURSION = YES;
				CLANG_WARN_SUSPICIOUS_MOVES = YES;
				CODE_SIGN_IDENTITY = "iPhone Developer";
				"CODE_SIGN_IDENTITY[sdk=iphoneos*]" = "iPhone Developer";
				DEVELOPMENT_TEAM = 69XHTLCF36;
				INFOPLIST_FILE = NotificationService/Info.plist;
				IPHONEOS_DEPLOYMENT_TARGET = 10.0;
				LD_RUNPATH_SEARCH_PATHS = "$(inherited) @executable_path/Frameworks @executable_path/../../Frameworks";
				PRODUCT_BUNDLE_IDENTIFIER = com.junglesong.pushtestdemo.NotificationService;
				PRODUCT_NAME = "$(TARGET_NAME)";
				PROVISIONING_PROFILE = "";
				SKIP_INSTALL = YES;
			};
			name = Release;
		};
		5EF2B45A1CC7D51000AC71C5 /* Debug */ = {
			isa = XCBuildConfiguration;
			buildSettings = {
				ALWAYS_SEARCH_USER_PATHS = NO;
				CLANG_ANALYZER_NONNULL = YES;
				CLANG_CXX_LANGUAGE_STANDARD = "gnu++0x";
				CLANG_CXX_LIBRARY = "libc++";
				CLANG_ENABLE_MODULES = YES;
				CLANG_ENABLE_OBJC_ARC = YES;
				CLANG_WARN_BOOL_CONVERSION = YES;
				CLANG_WARN_CONSTANT_CONVERSION = YES;
				CLANG_WARN_DIRECT_OBJC_ISA_USAGE = YES_ERROR;
				CLANG_WARN_EMPTY_BODY = YES;
				CLANG_WARN_ENUM_CONVERSION = YES;
				CLANG_WARN_INFINITE_RECURSION = YES;
				CLANG_WARN_INT_CONVERSION = YES;
				CLANG_WARN_OBJC_ROOT_CLASS = YES_ERROR;
				CLANG_WARN_SUSPICIOUS_MOVE = YES;
				CLANG_WARN_UNREACHABLE_CODE = YES;
				CLANG_WARN__DUPLICATE_METHOD_MATCH = YES;
				CODE_SIGN_IDENTITY = "iPhone Developer: Hengcong Weng (7RMANB5BXZ)";
				"CODE_SIGN_IDENTITY[sdk=iphoneos*]" = "iPhone Developer: Hengcong Weng (7RMANB5BXZ)";
				COPY_PHASE_STRIP = NO;
				DEBUG_INFORMATION_FORMAT = dwarf;
				DEVELOPMENT_TEAM = 69XHTLCF36;
				ENABLE_STRICT_OBJC_MSGSEND = YES;
				ENABLE_TESTABILITY = YES;
				GCC_C_LANGUAGE_STANDARD = gnu99;
				GCC_DYNAMIC_NO_PIC = NO;
				GCC_NO_COMMON_BLOCKS = YES;
				GCC_OPTIMIZATION_LEVEL = 0;
				GCC_PREPROCESSOR_DEFINITIONS = (
					"DEBUG=1",
					"$(inherited)",
				);
				GCC_WARN_64_TO_32_BIT_CONVERSION = YES;
				GCC_WARN_ABOUT_RETURN_TYPE = YES_ERROR;
				GCC_WARN_UNDECLARED_SELECTOR = YES;
				GCC_WARN_UNINITIALIZED_AUTOS = YES_AGGRESSIVE;
				GCC_WARN_UNUSED_FUNCTION = YES;
				GCC_WARN_UNUSED_VARIABLE = YES;
				IPHONEOS_DEPLOYMENT_TARGET = 9.3;
				MTL_ENABLE_DEBUG_INFO = YES;
				ONLY_ACTIVE_ARCH = YES;
				PROVISIONING_PROFILE = "3945c86d-3453-40ab-a3f7-f60904232582";
				PROVISIONING_PROFILE_SPECIFIER = "";
				SDKROOT = iphoneos;
				TARGETED_DEVICE_FAMILY = "1,2";
			};
			name = Debug;
		};
		5EF2B45B1CC7D51000AC71C5 /* Release */ = {
			isa = XCBuildConfiguration;
			buildSettings = {
				ALWAYS_SEARCH_USER_PATHS = NO;
				CLANG_ANALYZER_NONNULL = YES;
				CLANG_CXX_LANGUAGE_STANDARD = "gnu++0x";
				CLANG_CXX_LIBRARY = "libc++";
				CLANG_ENABLE_MODULES = YES;
				CLANG_ENABLE_OBJC_ARC = YES;
				CLANG_WARN_BOOL_CONVERSION = YES;
				CLANG_WARN_CONSTANT_CONVERSION = YES;
				CLANG_WARN_DIRECT_OBJC_ISA_USAGE = YES_ERROR;
				CLANG_WARN_EMPTY_BODY = YES;
				CLANG_WARN_ENUM_CONVERSION = YES;
				CLANG_WARN_INFINITE_RECURSION = YES;
				CLANG_WARN_INT_CONVERSION = YES;
				CLANG_WARN_OBJC_ROOT_CLASS = YES_ERROR;
				CLANG_WARN_SUSPICIOUS_MOVE = YES;
				CLANG_WARN_UNREACHABLE_CODE = YES;
				CLANG_WARN__DUPLICATE_METHOD_MATCH = YES;
				CODE_SIGN_IDENTITY = "iPhone Developer: Hengcong Weng (7RMANB5BXZ)";
				"CODE_SIGN_IDENTITY[sdk=iphoneos*]" = "iPhone Developer: Hengcong Weng (7RMANB5BXZ)";
				COPY_PHASE_STRIP = NO;
				DEBUG_INFORMATION_FORMAT = "dwarf-with-dsym";
				DEVELOPMENT_TEAM = 69XHTLCF36;
				ENABLE_NS_ASSERTIONS = NO;
				ENABLE_STRICT_OBJC_MSGSEND = YES;
				GCC_C_LANGUAGE_STANDARD = gnu99;
				GCC_NO_COMMON_BLOCKS = YES;
				GCC_WARN_64_TO_32_BIT_CONVERSION = YES;
				GCC_WARN_ABOUT_RETURN_TYPE = YES_ERROR;
				GCC_WARN_UNDECLARED_SELECTOR = YES;
				GCC_WARN_UNINITIALIZED_AUTOS = YES_AGGRESSIVE;
				GCC_WARN_UNUSED_FUNCTION = YES;
				GCC_WARN_UNUSED_VARIABLE = YES;
				IPHONEOS_DEPLOYMENT_TARGET = 9.3;
				MTL_ENABLE_DEBUG_INFO = NO;
				PROVISIONING_PROFILE = "3945c86d-3453-40ab-a3f7-f60904232582";
				PROVISIONING_PROFILE_SPECIFIER = "";
				SDKROOT = iphoneos;
				TARGETED_DEVICE_FAMILY = "1,2";
				VALIDATE_PRODUCT = YES;
			};
			name = Release;
		};
		5EF2B45D1CC7D51000AC71C5 /* Debug */ = {
			isa = XCBuildConfiguration;
			buildSettings = {
				ASSETCATALOG_COMPILER_APPICON_NAME = AppIcon;
				CODE_SIGN_ENTITLEMENTS = iOSNotifications.entitlements;
				CODE_SIGN_IDENTITY = "iPhone Developer: Hengcong Weng (7RMANB5BXZ)";
				"CODE_SIGN_IDENTITY[sdk=iphoneos*]" = "iPhone Developer: Hengcong Weng (7RMANB5BXZ)";
				DEVELOPMENT_TEAM = 69XHTLCF36;
				INFOPLIST_FILE = iOSNotifications/Info.plist;
				IPHONEOS_DEPLOYMENT_TARGET = 8.0;
				LD_RUNPATH_SEARCH_PATHS = "$(inherited) @executable_path/Frameworks";
				LIBRARY_SEARCH_PATHS = (
					"$(inherited)",
					"$(PROJECT_DIR)/iOSNotifications/lib",
				);
				PRODUCT_BUNDLE_IDENTIFIER = com.junglesong.pushtestdemo;
				PRODUCT_NAME = "$(TARGET_NAME)";
				PROVISIONING_PROFILE = "186067dd-3def-43c7-a3df-353f46ea2cc9";
				PROVISIONING_PROFILE_SPECIFIER = push_test_dev_pp;
			};
			name = Debug;
		};
		5EF2B45E1CC7D51000AC71C5 /* Release */ = {
			isa = XCBuildConfiguration;
			buildSettings = {
				ASSETCATALOG_COMPILER_APPICON_NAME = AppIcon;
				CODE_SIGN_ENTITLEMENTS = iOSNotifications.entitlements;
				CODE_SIGN_IDENTITY = "iPhone Developer: Hengcong Weng (7RMANB5BXZ)";
				"CODE_SIGN_IDENTITY[sdk=iphoneos*]" = "iPhone Developer: Hengcong Weng (7RMANB5BXZ)";
				DEVELOPMENT_TEAM = 69XHTLCF36;
				INFOPLIST_FILE = iOSNotifications/Info.plist;
				IPHONEOS_DEPLOYMENT_TARGET = 8.0;
				LD_RUNPATH_SEARCH_PATHS = "$(inherited) @executable_path/Frameworks";
				LIBRARY_SEARCH_PATHS = (
					"$(inherited)",
					"$(PROJECT_DIR)/iOSNotifications/lib",
				);
				PRODUCT_BUNDLE_IDENTIFIER = com.junglesong.pushtestdemo;
				PRODUCT_NAME = "$(TARGET_NAME)";
				PROVISIONING_PROFILE = "186067dd-3def-43c7-a3df-353f46ea2cc9";
				PROVISIONING_PROFILE_SPECIFIER = push_test_dev_pp;
			};
			name = Release;
		};
/* End XCBuildConfiguration section */

/* Begin XCConfigurationList section */
		5EC8A53C1D9127F000C8AC3C /* Build configuration list for PBXNativeTarget "NotificationContent" */ = {
			isa = XCConfigurationList;
			buildConfigurations = (
				5EC8A53D1D9127F000C8AC3C /* Debug */,
				5EC8A53E1D9127F000C8AC3C /* Release */,
			);
			defaultConfigurationIsVisible = 0;
			defaultConfigurationName = Release;
		};
		5EC8A5511D9134FB00C8AC3C /* Build configuration list for PBXNativeTarget "NotificationService" */ = {
			isa = XCConfigurationList;
			buildConfigurations = (
				5EC8A5521D9134FB00C8AC3C /* Debug */,
				5EC8A5531D9134FB00C8AC3C /* Release */,
			);
			defaultConfigurationIsVisible = 0;
			defaultConfigurationName = Release;
		};
		5EF2B4401CC7D51000AC71C5 /* Build configuration list for PBXProject "iOSNotifications" */ = {
			isa = XCConfigurationList;
			buildConfigurations = (
				5EF2B45A1CC7D51000AC71C5 /* Debug */,
				5EF2B45B1CC7D51000AC71C5 /* Release */,
			);
			defaultConfigurationIsVisible = 0;
			defaultConfigurationName = Release;
		};
		5EF2B45C1CC7D51000AC71C5 /* Build configuration list for PBXNativeTarget "iOSNotifications" */ = {
			isa = XCConfigurationList;
			buildConfigurations = (
				5EF2B45D1CC7D51000AC71C5 /* Debug */,
				5EF2B45E1CC7D51000AC71C5 /* Release */,
			);
			defaultConfigurationIsVisible = 0;
			defaultConfigurationName = Release;
		};
/* End XCConfigurationList section */
	};
	rootObject = 5EF2B43D1CC7D51000AC71C5 /* Project object */;
}
